
Microsoft Visual Studio Solution File, Format Version 12.00
# Visual Studio Version 17
VisualStudioVersion = 17.11.35327.3
MinimumVisualStudioVersion = 10.0.40219.1
Project("{2150E333-8FDC-42A3-9474-1A3956D46DE8}") = "cs", "cs", "{7D58A51A-2530-4BF6-AE01-864E04CD1739}"
EndProject
Project("{2150E333-8FDC-42A3-9474-1A3956D46DE8}") = "Unity", "Unity", "{C1E7D758-32B5-4B97-9580-CC454112A683}"
EndProject
Project("{2150E333-8FDC-42A3-9474-1A3956D46DE8}") = "framework", "framework", "{547F4672-1A7D-4C60-AC55-4A4C2C8C34EA}"
EndProject
Project("{2150E333-8FDC-42A3-9474-1A3956D46DE8}") = "samples", "samples", "{BAD7247D-ACA1-4399-9F2B-43BAB655E683}"
EndProject
Project("{2150E333-8FDC-42A3-9474-1A3956D46DE8}") = "tests", "tests", "{FC3ACD27-CEA9-495F-8735-56A66B868361}"
EndProject
Project("{2150E333-8FDC-42A3-9474-1A3956D46DE8}") = "utility", "utility", "{774E0207-3E94-4521-A6B5-0E6A4862F1B8}"
EndProject
Project("{2150E333-8FDC-42A3-9474-1A3956D46DE8}") = "data structures", "data structures", "{BF71B5C7-4CAE-456F-BF91-7D3FD05E9503}"
EndProject
Project("{2150E333-8FDC-42A3-9474-1A3956D46DE8}") = "services", "services", "{42138561-013C-4A58-92A3-0285EB56C15B}"
EndProject
Global
	GlobalSection(SolutionProperties) = preSolution
		HideSolutionNode = FALSE
	EndGlobalSection
	GlobalSection(NestedProjects) = preSolution
		{547F4672-1A7D-4C60-AC55-4A4C2C8C34EA} = {7D58A51A-2530-4BF6-AE01-864E04CD1739}
		{BAD7247D-ACA1-4399-9F2B-43BAB655E683} = {7D58A51A-2530-4BF6-AE01-864E04CD1739}
		{FC3ACD27-CEA9-495F-8735-56A66B868361} = {7D58A51A-2530-4BF6-AE01-864E04CD1739}
		{774E0207-3E94-4521-A6B5-0E6A4862F1B8} = {547F4672-1A7D-4C60-AC55-4A4C2C8C34EA}
		{BF71B5C7-4CAE-456F-BF91-7D3FD05E9503} = {547F4672-1A7D-4C60-AC55-4A4C2C8C34EA}
		{42138561-013C-4A58-92A3-0285EB56C15B} = {547F4672-1A7D-4C60-AC55-4A4C2C8C34EA}
	EndGlobalSection
	GlobalSection(ExtensibilityGlobals) = postSolution
		SolutionGuid = {C9DDB0C3-DDC4-4E4E-80B6-9DB8400310DF}
	EndGlobalSection
EndGlobal
