
Microsoft Visual Studio Solution File, Format Version 12.00
# Visual Studio Version 17
VisualStudioVersion = 17.7.34031.279
MinimumVisualStudioVersion = 10.0.40219.1
Project("{2150E333-8FDC-42A3-9474-1A3956D46DE8}") = "Cs", "Cs", "{47D777C2-B23F-4270-B310-CC5E2E2D8B62}"
EndProject
Project("{2150E333-8FDC-42A3-9474-1A3956D46DE8}") = "Tests", "Tests", "{BBF8F31D-223B-46DC-84E5-E483F9734B16}"
EndProject
Project("{9A19103F-16F7-4668-BE54-9A1E7A4F7556}") = "FLG.Cs.Decorators", "Cs\FLG.Cs.Decorators\FLG.Cs.Decorators.csproj", "{44FD4147-1EFC-4B86-AE80-D0553701A6E2}"
EndProject
Project("{9A19103F-16F7-4668-BE54-9A1E7A4F7556}") = "FLG.Cs.IO", "Cs\FLG.Cs.IO\FLG.Cs.IO.csproj", "{02F41E93-4BDD-460A-97D5-A8D9B2667281}"
EndProject
Project("{9A19103F-16F7-4668-BE54-9A1E7A4F7556}") = "FLG.Cs.Logger", "Cs\FLG.Cs.Logger\FLG.Cs.Logger.csproj", "{067FEB6B-836A-42CC-B58A-881E5988EAE2}"
EndProject
Project("{9A19103F-16F7-4668-BE54-9A1E7A4F7556}") = "FLG.Cs.Math", "Cs\FLG.Cs.Math\FLG.Cs.Math.csproj", "{91459F88-4334-4776-ACBF-3E40D15FF7D9}"
EndProject
Project("{9A19103F-16F7-4668-BE54-9A1E7A4F7556}") = "FLG.Cs.Serialization", "Cs\FLG.Cs.Serialization\FLG.Cs.Serialization.csproj", "{B50D889C-0B60-414C-AAE8-C2CEAA260530}"
EndProject
Project("{9A19103F-16F7-4668-BE54-9A1E7A4F7556}") = "FLG.Cs.ServiceLocator", "Cs\FLG.Cs.ServiceLocator\FLG.Cs.ServiceLocator.csproj", "{5C9B39F0-A65F-459F-B9AE-4CA0AE18549A}"
EndProject
Project("{9A19103F-16F7-4668-BE54-9A1E7A4F7556}") = "FLG.Cs.UI", "Cs\FLG.Cs.UI\FLG.Cs.UI.csproj", "{34D7D711-3ABA-4C13-B035-D2002844E618}"
EndProject
Project("{9A19103F-16F7-4668-BE54-9A1E7A4F7556}") = "FLG.Cs.Math.Tests", "Cs\Tests\FLG.Cs.Math.Test\FLG.Cs.Math.Tests.csproj", "{F16E323F-DE2C-41C9-82B3-93B4931C26CF}"
EndProject
Project("{9A19103F-16F7-4668-BE54-9A1E7A4F7556}") = "FLG.Cs.Serialization.Tests", "Cs\Tests\FLG.Cs.Serialization.Tests\FLG.Cs.Serialization.Tests.csproj", "{32E192DE-90B2-46A5-8F7E-19FA07B81FFA}"
EndProject
Project("{9A19103F-16F7-4668-BE54-9A1E7A4F7556}") = "FLG.Cs.UI.Tests", "Cs\Tests\FLG.Cs.UI.Tests\FLG.Cs.UI.Tests.csproj", "{D678431D-2412-4C53-AEA2-594232A715A9}"
EndProject
Project("{2150E333-8FDC-42A3-9474-1A3956D46DE8}") = "Godot", "Godot", "{4E7AF0D2-DFA3-4E3A-8C81-CD6B0A98EA06}"
EndProject
Project("{9A19103F-16F7-4668-BE54-9A1E7A4F7556}") = "FLG.Godot.Helpers", "Godot\FLG.Godot.Helpers\FLG.Godot.Helpers.csproj", "{E3738862-670A-4890-9EE8-151E49794418}"
EndProject
Project("{9A19103F-16F7-4668-BE54-9A1E7A4F7556}") = "FLG.Cs.Framework", "Cs\FLG.Cs.Framework\FLG.Cs.Framework.csproj", "{8CC7B699-6A53-44A2-914B-E08566429AAF}"
EndProject
Project("{9A19103F-16F7-4668-BE54-9A1E7A4F7556}") = "FLG.Cs.Validation", "Cs\FLG.Cs.Validation\FLG.Cs.Validation.csproj", "{45CD39C2-E5B8-4D8C-86F2-272F64FE08F5}"
EndProject
Project("{2150E333-8FDC-42A3-9474-1A3956D46DE8}") = "ProjectDefs", "ProjectDefs", "{8CCC7087-9354-4E93-9499-BABEF57C5CC9}"
EndProject
Project("{9A19103F-16F7-4668-BE54-9A1E7A4F7556}") = "ProjectDefs.UI", "Cs\ProjectDefs\ProjectDefs.UI\ProjectDefs.UI.csproj", "{AE189990-56AC-4DED-935E-2BB4E1A4F8BA}"
EndProject
Project("{9A19103F-16F7-4668-BE54-9A1E7A4F7556}") = "FLG.Cs.Datamodel", "Cs\FLG.Cs.IDatamodel\FLG.Cs.Datamodel.csproj", "{C7409D5A-A2EE-48B3-8CBC-EC18258E1E18}"
EndProject
Project("{9A19103F-16F7-4668-BE54-9A1E7A4F7556}") = "FLG.Cs.Cards", "Cs\FLG.Cs.Cards\FLG.Cs.Cards.csproj", "{BE74A0E5-55AF-4E8F-A283-39B37A5F49C8}"
EndProject
Project("{9A19103F-16F7-4668-BE54-9A1E7A4F7556}") = "FLG.Cs.Utils", "Cs\FLG.Cs.Utils\FLG.Cs.Utils.csproj", "{12760CBF-5E28-4F52-8C51-B84D954F6E5C}"
EndProject
Project("{9A19103F-16F7-4668-BE54-9A1E7A4F7556}") = "FLG.Cs.Cards.Tests", "Cs\Tests\FLG.Cs.Cards.Tests\FLG.Cs.Cards.Tests.csproj", "{53F7D826-1AF2-4CD0-932F-959640062D6C}"
EndProject
Project("{9A19103F-16F7-4668-BE54-9A1E7A4F7556}") = "FLG.Godot.UI", "Godot\FLG.Godot.UI\FLG.Godot.UI.csproj", "{DEEDE951-29C0-40F6-9C05-8B5AA1CEE4AD}"
EndProject
Project("{9A19103F-16F7-4668-BE54-9A1E7A4F7556}") = "GodotSample", "Godot\GodotSample\GodotSample.csproj", "{F4D550E6-93ED-4E1D-B0DF-8D40ADD8920E}"
EndProject
Project("{9A19103F-16F7-4668-BE54-9A1E7A4F7556}") = "FLG.Godot.Framework", "Godot\FLG.Godot.Framework\FLG.Godot.Framework.csproj", "{2358F7E1-3130-4591-A050-E0B750412C59}"
EndProject
Project("{9A19103F-16F7-4668-BE54-9A1E7A4F7556}") = "FLG.Cs.Networking", "Cs\FLG.Cs.Networking\FLG.Cs.Networking.csproj", "{7F9E063B-668D-4842-9C8D-6FDFCD672157}"
EndProject
Project("{FAE04EC0-301F-11D3-BF4B-00C04F79EFBC}") = "FLG.Cs.Model", "Cs\FLG.Cs.Model\FLG.Cs.Model.csproj", "{6F6C11F5-271A-49F7-9E2D-4BB703A168C5}"
EndProject
Global
	GlobalSection(SolutionConfigurationPlatforms) = preSolution
		Debug|Any CPU = Debug|Any CPU
		ExportDebug|Any CPU = ExportDebug|Any CPU
		ExportRelease|Any CPU = ExportRelease|Any CPU
		Release|Any CPU = Release|Any CPU
	EndGlobalSection
	GlobalSection(ProjectConfigurationPlatforms) = postSolution
		{44FD4147-1EFC-4B86-AE80-D0553701A6E2}.Debug|Any CPU.ActiveCfg = Debug|Any CPU
		{44FD4147-1EFC-4B86-AE80-D0553701A6E2}.Debug|Any CPU.Build.0 = Debug|Any CPU
		{44FD4147-1EFC-4B86-AE80-D0553701A6E2}.ExportDebug|Any CPU.ActiveCfg = Debug|Any CPU
		{44FD4147-1EFC-4B86-AE80-D0553701A6E2}.ExportDebug|Any CPU.Build.0 = Debug|Any CPU
		{44FD4147-1EFC-4B86-AE80-D0553701A6E2}.ExportRelease|Any CPU.ActiveCfg = Release|Any CPU
		{44FD4147-1EFC-4B86-AE80-D0553701A6E2}.ExportRelease|Any CPU.Build.0 = Release|Any CPU
		{44FD4147-1EFC-4B86-AE80-D0553701A6E2}.Release|Any CPU.ActiveCfg = Release|Any CPU
		{44FD4147-1EFC-4B86-AE80-D0553701A6E2}.Release|Any CPU.Build.0 = Release|Any CPU
		{02F41E93-4BDD-460A-97D5-A8D9B2667281}.Debug|Any CPU.ActiveCfg = Debug|Any CPU
		{02F41E93-4BDD-460A-97D5-A8D9B2667281}.Debug|Any CPU.Build.0 = Debug|Any CPU
		{02F41E93-4BDD-460A-97D5-A8D9B2667281}.ExportDebug|Any CPU.ActiveCfg = Debug|Any CPU
		{02F41E93-4BDD-460A-97D5-A8D9B2667281}.ExportDebug|Any CPU.Build.0 = Debug|Any CPU
		{02F41E93-4BDD-460A-97D5-A8D9B2667281}.ExportRelease|Any CPU.ActiveCfg = Release|Any CPU
		{02F41E93-4BDD-460A-97D5-A8D9B2667281}.ExportRelease|Any CPU.Build.0 = Release|Any CPU
		{02F41E93-4BDD-460A-97D5-A8D9B2667281}.Release|Any CPU.ActiveCfg = Release|Any CPU
		{02F41E93-4BDD-460A-97D5-A8D9B2667281}.Release|Any CPU.Build.0 = Release|Any CPU
		{067FEB6B-836A-42CC-B58A-881E5988EAE2}.Debug|Any CPU.ActiveCfg = Debug|Any CPU
		{067FEB6B-836A-42CC-B58A-881E5988EAE2}.Debug|Any CPU.Build.0 = Debug|Any CPU
		{067FEB6B-836A-42CC-B58A-881E5988EAE2}.ExportDebug|Any CPU.ActiveCfg = Debug|Any CPU
		{067FEB6B-836A-42CC-B58A-881E5988EAE2}.ExportDebug|Any CPU.Build.0 = Debug|Any CPU
		{067FEB6B-836A-42CC-B58A-881E5988EAE2}.ExportRelease|Any CPU.ActiveCfg = Release|Any CPU
		{067FEB6B-836A-42CC-B58A-881E5988EAE2}.ExportRelease|Any CPU.Build.0 = Release|Any CPU
		{067FEB6B-836A-42CC-B58A-881E5988EAE2}.Release|Any CPU.ActiveCfg = Release|Any CPU
		{067FEB6B-836A-42CC-B58A-881E5988EAE2}.Release|Any CPU.Build.0 = Release|Any CPU
		{91459F88-4334-4776-ACBF-3E40D15FF7D9}.Debug|Any CPU.ActiveCfg = Debug|Any CPU
		{91459F88-4334-4776-ACBF-3E40D15FF7D9}.Debug|Any CPU.Build.0 = Debug|Any CPU
		{91459F88-4334-4776-ACBF-3E40D15FF7D9}.ExportDebug|Any CPU.ActiveCfg = Debug|Any CPU
		{91459F88-4334-4776-ACBF-3E40D15FF7D9}.ExportDebug|Any CPU.Build.0 = Debug|Any CPU
		{91459F88-4334-4776-ACBF-3E40D15FF7D9}.ExportRelease|Any CPU.ActiveCfg = Release|Any CPU
		{91459F88-4334-4776-ACBF-3E40D15FF7D9}.ExportRelease|Any CPU.Build.0 = Release|Any CPU
		{91459F88-4334-4776-ACBF-3E40D15FF7D9}.Release|Any CPU.ActiveCfg = Release|Any CPU
		{91459F88-4334-4776-ACBF-3E40D15FF7D9}.Release|Any CPU.Build.0 = Release|Any CPU
		{B50D889C-0B60-414C-AAE8-C2CEAA260530}.Debug|Any CPU.ActiveCfg = Debug|Any CPU
		{B50D889C-0B60-414C-AAE8-C2CEAA260530}.Debug|Any CPU.Build.0 = Debug|Any CPU
		{B50D889C-0B60-414C-AAE8-C2CEAA260530}.ExportDebug|Any CPU.ActiveCfg = Debug|Any CPU
		{B50D889C-0B60-414C-AAE8-C2CEAA260530}.ExportDebug|Any CPU.Build.0 = Debug|Any CPU
		{B50D889C-0B60-414C-AAE8-C2CEAA260530}.ExportRelease|Any CPU.ActiveCfg = Release|Any CPU
		{B50D889C-0B60-414C-AAE8-C2CEAA260530}.ExportRelease|Any CPU.Build.0 = Release|Any CPU
		{B50D889C-0B60-414C-AAE8-C2CEAA260530}.Release|Any CPU.ActiveCfg = Release|Any CPU
		{B50D889C-0B60-414C-AAE8-C2CEAA260530}.Release|Any CPU.Build.0 = Release|Any CPU
		{5C9B39F0-A65F-459F-B9AE-4CA0AE18549A}.Debug|Any CPU.ActiveCfg = Debug|Any CPU
		{5C9B39F0-A65F-459F-B9AE-4CA0AE18549A}.Debug|Any CPU.Build.0 = Debug|Any CPU
		{5C9B39F0-A65F-459F-B9AE-4CA0AE18549A}.ExportDebug|Any CPU.ActiveCfg = Debug|Any CPU
		{5C9B39F0-A65F-459F-B9AE-4CA0AE18549A}.ExportDebug|Any CPU.Build.0 = Debug|Any CPU
		{5C9B39F0-A65F-459F-B9AE-4CA0AE18549A}.ExportRelease|Any CPU.ActiveCfg = Release|Any CPU
		{5C9B39F0-A65F-459F-B9AE-4CA0AE18549A}.ExportRelease|Any CPU.Build.0 = Release|Any CPU
		{5C9B39F0-A65F-459F-B9AE-4CA0AE18549A}.Release|Any CPU.ActiveCfg = Release|Any CPU
		{5C9B39F0-A65F-459F-B9AE-4CA0AE18549A}.Release|Any CPU.Build.0 = Release|Any CPU
		{34D7D711-3ABA-4C13-B035-D2002844E618}.Debug|Any CPU.ActiveCfg = Debug|Any CPU
		{34D7D711-3ABA-4C13-B035-D2002844E618}.Debug|Any CPU.Build.0 = Debug|Any CPU
		{34D7D711-3ABA-4C13-B035-D2002844E618}.ExportDebug|Any CPU.ActiveCfg = Debug|Any CPU
		{34D7D711-3ABA-4C13-B035-D2002844E618}.ExportDebug|Any CPU.Build.0 = Debug|Any CPU
		{34D7D711-3ABA-4C13-B035-D2002844E618}.ExportRelease|Any CPU.ActiveCfg = Release|Any CPU
		{34D7D711-3ABA-4C13-B035-D2002844E618}.ExportRelease|Any CPU.Build.0 = Release|Any CPU
		{34D7D711-3ABA-4C13-B035-D2002844E618}.Release|Any CPU.ActiveCfg = Release|Any CPU
		{34D7D711-3ABA-4C13-B035-D2002844E618}.Release|Any CPU.Build.0 = Release|Any CPU
		{F16E323F-DE2C-41C9-82B3-93B4931C26CF}.Debug|Any CPU.ActiveCfg = Debug|Any CPU
		{F16E323F-DE2C-41C9-82B3-93B4931C26CF}.Debug|Any CPU.Build.0 = Debug|Any CPU
		{F16E323F-DE2C-41C9-82B3-93B4931C26CF}.ExportDebug|Any CPU.ActiveCfg = Debug|Any CPU
		{F16E323F-DE2C-41C9-82B3-93B4931C26CF}.ExportDebug|Any CPU.Build.0 = Debug|Any CPU
		{F16E323F-DE2C-41C9-82B3-93B4931C26CF}.ExportRelease|Any CPU.ActiveCfg = Release|Any CPU
		{F16E323F-DE2C-41C9-82B3-93B4931C26CF}.ExportRelease|Any CPU.Build.0 = Release|Any CPU
		{F16E323F-DE2C-41C9-82B3-93B4931C26CF}.Release|Any CPU.ActiveCfg = Release|Any CPU
		{F16E323F-DE2C-41C9-82B3-93B4931C26CF}.Release|Any CPU.Build.0 = Release|Any CPU
		{32E192DE-90B2-46A5-8F7E-19FA07B81FFA}.Debug|Any CPU.ActiveCfg = Debug|Any CPU
		{32E192DE-90B2-46A5-8F7E-19FA07B81FFA}.Debug|Any CPU.Build.0 = Debug|Any CPU
		{32E192DE-90B2-46A5-8F7E-19FA07B81FFA}.ExportDebug|Any CPU.ActiveCfg = Debug|Any CPU
		{32E192DE-90B2-46A5-8F7E-19FA07B81FFA}.ExportDebug|Any CPU.Build.0 = Debug|Any CPU
		{32E192DE-90B2-46A5-8F7E-19FA07B81FFA}.ExportRelease|Any CPU.ActiveCfg = Release|Any CPU
		{32E192DE-90B2-46A5-8F7E-19FA07B81FFA}.ExportRelease|Any CPU.Build.0 = Release|Any CPU
		{32E192DE-90B2-46A5-8F7E-19FA07B81FFA}.Release|Any CPU.ActiveCfg = Release|Any CPU
		{32E192DE-90B2-46A5-8F7E-19FA07B81FFA}.Release|Any CPU.Build.0 = Release|Any CPU
		{D678431D-2412-4C53-AEA2-594232A715A9}.Debug|Any CPU.ActiveCfg = Debug|Any CPU
		{D678431D-2412-4C53-AEA2-594232A715A9}.Debug|Any CPU.Build.0 = Debug|Any CPU
		{D678431D-2412-4C53-AEA2-594232A715A9}.ExportDebug|Any CPU.ActiveCfg = Debug|Any CPU
		{D678431D-2412-4C53-AEA2-594232A715A9}.ExportDebug|Any CPU.Build.0 = Debug|Any CPU
		{D678431D-2412-4C53-AEA2-594232A715A9}.ExportRelease|Any CPU.ActiveCfg = Release|Any CPU
		{D678431D-2412-4C53-AEA2-594232A715A9}.ExportRelease|Any CPU.Build.0 = Release|Any CPU
		{D678431D-2412-4C53-AEA2-594232A715A9}.Release|Any CPU.ActiveCfg = Release|Any CPU
		{D678431D-2412-4C53-AEA2-594232A715A9}.Release|Any CPU.Build.0 = Release|Any CPU
		{E3738862-670A-4890-9EE8-151E49794418}.Debug|Any CPU.ActiveCfg = Debug|Any CPU
		{E3738862-670A-4890-9EE8-151E49794418}.Debug|Any CPU.Build.0 = Debug|Any CPU
		{E3738862-670A-4890-9EE8-151E49794418}.ExportDebug|Any CPU.ActiveCfg = Debug|Any CPU
		{E3738862-670A-4890-9EE8-151E49794418}.ExportDebug|Any CPU.Build.0 = Debug|Any CPU
		{E3738862-670A-4890-9EE8-151E49794418}.ExportRelease|Any CPU.ActiveCfg = Release|Any CPU
		{E3738862-670A-4890-9EE8-151E49794418}.ExportRelease|Any CPU.Build.0 = Release|Any CPU
		{E3738862-670A-4890-9EE8-151E49794418}.Release|Any CPU.ActiveCfg = Release|Any CPU
		{E3738862-670A-4890-9EE8-151E49794418}.Release|Any CPU.Build.0 = Release|Any CPU
		{8CC7B699-6A53-44A2-914B-E08566429AAF}.Debug|Any CPU.ActiveCfg = Debug|Any CPU
		{8CC7B699-6A53-44A2-914B-E08566429AAF}.Debug|Any CPU.Build.0 = Debug|Any CPU
		{8CC7B699-6A53-44A2-914B-E08566429AAF}.ExportDebug|Any CPU.ActiveCfg = Debug|Any CPU
		{8CC7B699-6A53-44A2-914B-E08566429AAF}.ExportDebug|Any CPU.Build.0 = Debug|Any CPU
		{8CC7B699-6A53-44A2-914B-E08566429AAF}.ExportRelease|Any CPU.ActiveCfg = Release|Any CPU
		{8CC7B699-6A53-44A2-914B-E08566429AAF}.ExportRelease|Any CPU.Build.0 = Release|Any CPU
		{8CC7B699-6A53-44A2-914B-E08566429AAF}.Release|Any CPU.ActiveCfg = Release|Any CPU
		{8CC7B699-6A53-44A2-914B-E08566429AAF}.Release|Any CPU.Build.0 = Release|Any CPU
		{45CD39C2-E5B8-4D8C-86F2-272F64FE08F5}.Debug|Any CPU.ActiveCfg = Debug|Any CPU
		{45CD39C2-E5B8-4D8C-86F2-272F64FE08F5}.Debug|Any CPU.Build.0 = Debug|Any CPU
		{45CD39C2-E5B8-4D8C-86F2-272F64FE08F5}.ExportDebug|Any CPU.ActiveCfg = Debug|Any CPU
		{45CD39C2-E5B8-4D8C-86F2-272F64FE08F5}.ExportDebug|Any CPU.Build.0 = Debug|Any CPU
		{45CD39C2-E5B8-4D8C-86F2-272F64FE08F5}.ExportRelease|Any CPU.ActiveCfg = Release|Any CPU
		{45CD39C2-E5B8-4D8C-86F2-272F64FE08F5}.ExportRelease|Any CPU.Build.0 = Release|Any CPU
		{45CD39C2-E5B8-4D8C-86F2-272F64FE08F5}.Release|Any CPU.ActiveCfg = Release|Any CPU
		{45CD39C2-E5B8-4D8C-86F2-272F64FE08F5}.Release|Any CPU.Build.0 = Release|Any CPU
		{AE189990-56AC-4DED-935E-2BB4E1A4F8BA}.Debug|Any CPU.ActiveCfg = Debug|Any CPU
		{AE189990-56AC-4DED-935E-2BB4E1A4F8BA}.Debug|Any CPU.Build.0 = Debug|Any CPU
		{AE189990-56AC-4DED-935E-2BB4E1A4F8BA}.ExportDebug|Any CPU.ActiveCfg = Debug|Any CPU
		{AE189990-56AC-4DED-935E-2BB4E1A4F8BA}.ExportDebug|Any CPU.Build.0 = Debug|Any CPU
		{AE189990-56AC-4DED-935E-2BB4E1A4F8BA}.ExportRelease|Any CPU.ActiveCfg = Release|Any CPU
		{AE189990-56AC-4DED-935E-2BB4E1A4F8BA}.ExportRelease|Any CPU.Build.0 = Release|Any CPU
		{AE189990-56AC-4DED-935E-2BB4E1A4F8BA}.Release|Any CPU.ActiveCfg = Release|Any CPU
		{AE189990-56AC-4DED-935E-2BB4E1A4F8BA}.Release|Any CPU.Build.0 = Release|Any CPU
		{C7409D5A-A2EE-48B3-8CBC-EC18258E1E18}.Debug|Any CPU.ActiveCfg = Debug|Any CPU
		{C7409D5A-A2EE-48B3-8CBC-EC18258E1E18}.Debug|Any CPU.Build.0 = Debug|Any CPU
		{C7409D5A-A2EE-48B3-8CBC-EC18258E1E18}.ExportDebug|Any CPU.ActiveCfg = Debug|Any CPU
		{C7409D5A-A2EE-48B3-8CBC-EC18258E1E18}.ExportDebug|Any CPU.Build.0 = Debug|Any CPU
		{C7409D5A-A2EE-48B3-8CBC-EC18258E1E18}.ExportRelease|Any CPU.ActiveCfg = Release|Any CPU
		{C7409D5A-A2EE-48B3-8CBC-EC18258E1E18}.ExportRelease|Any CPU.Build.0 = Release|Any CPU
		{C7409D5A-A2EE-48B3-8CBC-EC18258E1E18}.Release|Any CPU.ActiveCfg = Release|Any CPU
		{C7409D5A-A2EE-48B3-8CBC-EC18258E1E18}.Release|Any CPU.Build.0 = Release|Any CPU
		{BE74A0E5-55AF-4E8F-A283-39B37A5F49C8}.Debug|Any CPU.ActiveCfg = Debug|Any CPU
		{BE74A0E5-55AF-4E8F-A283-39B37A5F49C8}.Debug|Any CPU.Build.0 = Debug|Any CPU
		{BE74A0E5-55AF-4E8F-A283-39B37A5F49C8}.ExportDebug|Any CPU.ActiveCfg = Debug|Any CPU
		{BE74A0E5-55AF-4E8F-A283-39B37A5F49C8}.ExportDebug|Any CPU.Build.0 = Debug|Any CPU
		{BE74A0E5-55AF-4E8F-A283-39B37A5F49C8}.ExportRelease|Any CPU.ActiveCfg = Release|Any CPU
		{BE74A0E5-55AF-4E8F-A283-39B37A5F49C8}.ExportRelease|Any CPU.Build.0 = Release|Any CPU
		{BE74A0E5-55AF-4E8F-A283-39B37A5F49C8}.Release|Any CPU.ActiveCfg = Release|Any CPU
		{BE74A0E5-55AF-4E8F-A283-39B37A5F49C8}.Release|Any CPU.Build.0 = Release|Any CPU
		{12760CBF-5E28-4F52-8C51-B84D954F6E5C}.Debug|Any CPU.ActiveCfg = Debug|Any CPU
		{12760CBF-5E28-4F52-8C51-B84D954F6E5C}.Debug|Any CPU.Build.0 = Debug|Any CPU
		{12760CBF-5E28-4F52-8C51-B84D954F6E5C}.ExportDebug|Any CPU.ActiveCfg = Debug|Any CPU
		{12760CBF-5E28-4F52-8C51-B84D954F6E5C}.ExportDebug|Any CPU.Build.0 = Debug|Any CPU
		{12760CBF-5E28-4F52-8C51-B84D954F6E5C}.ExportRelease|Any CPU.ActiveCfg = Release|Any CPU
		{12760CBF-5E28-4F52-8C51-B84D954F6E5C}.ExportRelease|Any CPU.Build.0 = Release|Any CPU
		{12760CBF-5E28-4F52-8C51-B84D954F6E5C}.Release|Any CPU.ActiveCfg = Release|Any CPU
		{12760CBF-5E28-4F52-8C51-B84D954F6E5C}.Release|Any CPU.Build.0 = Release|Any CPU
		{53F7D826-1AF2-4CD0-932F-959640062D6C}.Debug|Any CPU.ActiveCfg = Debug|Any CPU
		{53F7D826-1AF2-4CD0-932F-959640062D6C}.Debug|Any CPU.Build.0 = Debug|Any CPU
		{53F7D826-1AF2-4CD0-932F-959640062D6C}.ExportDebug|Any CPU.ActiveCfg = Debug|Any CPU
		{53F7D826-1AF2-4CD0-932F-959640062D6C}.ExportDebug|Any CPU.Build.0 = Debug|Any CPU
		{53F7D826-1AF2-4CD0-932F-959640062D6C}.ExportRelease|Any CPU.ActiveCfg = Release|Any CPU
		{53F7D826-1AF2-4CD0-932F-959640062D6C}.ExportRelease|Any CPU.Build.0 = Release|Any CPU
		{53F7D826-1AF2-4CD0-932F-959640062D6C}.Release|Any CPU.ActiveCfg = Release|Any CPU
		{53F7D826-1AF2-4CD0-932F-959640062D6C}.Release|Any CPU.Build.0 = Release|Any CPU
		{DEEDE951-29C0-40F6-9C05-8B5AA1CEE4AD}.Debug|Any CPU.ActiveCfg = Debug|Any CPU
		{DEEDE951-29C0-40F6-9C05-8B5AA1CEE4AD}.Debug|Any CPU.Build.0 = Debug|Any CPU
		{DEEDE951-29C0-40F6-9C05-8B5AA1CEE4AD}.ExportDebug|Any CPU.ActiveCfg = Debug|Any CPU
		{DEEDE951-29C0-40F6-9C05-8B5AA1CEE4AD}.ExportDebug|Any CPU.Build.0 = Debug|Any CPU
		{DEEDE951-29C0-40F6-9C05-8B5AA1CEE4AD}.ExportRelease|Any CPU.ActiveCfg = Release|Any CPU
		{DEEDE951-29C0-40F6-9C05-8B5AA1CEE4AD}.ExportRelease|Any CPU.Build.0 = Release|Any CPU
		{DEEDE951-29C0-40F6-9C05-8B5AA1CEE4AD}.Release|Any CPU.ActiveCfg = Release|Any CPU
		{DEEDE951-29C0-40F6-9C05-8B5AA1CEE4AD}.Release|Any CPU.Build.0 = Release|Any CPU
		{F4D550E6-93ED-4E1D-B0DF-8D40ADD8920E}.Debug|Any CPU.ActiveCfg = Debug|Any CPU
		{F4D550E6-93ED-4E1D-B0DF-8D40ADD8920E}.Debug|Any CPU.Build.0 = Debug|Any CPU
		{F4D550E6-93ED-4E1D-B0DF-8D40ADD8920E}.ExportDebug|Any CPU.ActiveCfg = ExportDebug|Any CPU
		{F4D550E6-93ED-4E1D-B0DF-8D40ADD8920E}.ExportDebug|Any CPU.Build.0 = ExportDebug|Any CPU
		{F4D550E6-93ED-4E1D-B0DF-8D40ADD8920E}.ExportRelease|Any CPU.ActiveCfg = ExportRelease|Any CPU
		{F4D550E6-93ED-4E1D-B0DF-8D40ADD8920E}.ExportRelease|Any CPU.Build.0 = ExportRelease|Any CPU
		{F4D550E6-93ED-4E1D-B0DF-8D40ADD8920E}.Release|Any CPU.ActiveCfg = ExportRelease|Any CPU
		{F4D550E6-93ED-4E1D-B0DF-8D40ADD8920E}.Release|Any CPU.Build.0 = ExportRelease|Any CPU
		{2358F7E1-3130-4591-A050-E0B750412C59}.Debug|Any CPU.ActiveCfg = Debug|Any CPU
		{2358F7E1-3130-4591-A050-E0B750412C59}.Debug|Any CPU.Build.0 = Debug|Any CPU
		{2358F7E1-3130-4591-A050-E0B750412C59}.ExportDebug|Any CPU.ActiveCfg = Debug|Any CPU
		{2358F7E1-3130-4591-A050-E0B750412C59}.ExportDebug|Any CPU.Build.0 = Debug|Any CPU
		{2358F7E1-3130-4591-A050-E0B750412C59}.ExportRelease|Any CPU.ActiveCfg = Release|Any CPU
		{2358F7E1-3130-4591-A050-E0B750412C59}.ExportRelease|Any CPU.Build.0 = Release|Any CPU
		{2358F7E1-3130-4591-A050-E0B750412C59}.Release|Any CPU.ActiveCfg = Release|Any CPU
		{2358F7E1-3130-4591-A050-E0B750412C59}.Release|Any CPU.Build.0 = Release|Any CPU
		{7F9E063B-668D-4842-9C8D-6FDFCD672157}.Debug|Any CPU.ActiveCfg = Debug|Any CPU
		{7F9E063B-668D-4842-9C8D-6FDFCD672157}.Debug|Any CPU.Build.0 = Debug|Any CPU
		{7F9E063B-668D-4842-9C8D-6FDFCD672157}.ExportDebug|Any CPU.ActiveCfg = Debug|Any CPU
		{7F9E063B-668D-4842-9C8D-6FDFCD672157}.ExportDebug|Any CPU.Build.0 = Debug|Any CPU
		{7F9E063B-668D-4842-9C8D-6FDFCD672157}.ExportRelease|Any CPU.ActiveCfg = Release|Any CPU
		{7F9E063B-668D-4842-9C8D-6FDFCD672157}.ExportRelease|Any CPU.Build.0 = Release|Any CPU
		{7F9E063B-668D-4842-9C8D-6FDFCD672157}.Release|Any CPU.ActiveCfg = Release|Any CPU
		{7F9E063B-668D-4842-9C8D-6FDFCD672157}.Release|Any CPU.Build.0 = Release|Any CPU
		{6F6C11F5-271A-49F7-9E2D-4BB703A168C5}.Debug|Any CPU.ActiveCfg = Debug|Any CPU
		{6F6C11F5-271A-49F7-9E2D-4BB703A168C5}.Debug|Any CPU.Build.0 = Debug|Any CPU
		{6F6C11F5-271A-49F7-9E2D-4BB703A168C5}.ExportDebug|Any CPU.ActiveCfg = Debug|Any CPU
		{6F6C11F5-271A-49F7-9E2D-4BB703A168C5}.ExportDebug|Any CPU.Build.0 = Debug|Any CPU
		{6F6C11F5-271A-49F7-9E2D-4BB703A168C5}.ExportRelease|Any CPU.ActiveCfg = Release|Any CPU
		{6F6C11F5-271A-49F7-9E2D-4BB703A168C5}.ExportRelease|Any CPU.Build.0 = Release|Any CPU
		{6F6C11F5-271A-49F7-9E2D-4BB703A168C5}.Release|Any CPU.ActiveCfg = Release|Any CPU
		{6F6C11F5-271A-49F7-9E2D-4BB703A168C5}.Release|Any CPU.Build.0 = Release|Any CPU
	EndGlobalSection
	GlobalSection(SolutionProperties) = preSolution
		HideSolutionNode = FALSE
	EndGlobalSection
	GlobalSection(NestedProjects) = preSolution
		{BBF8F31D-223B-46DC-84E5-E483F9734B16} = {47D777C2-B23F-4270-B310-CC5E2E2D8B62}
		{44FD4147-1EFC-4B86-AE80-D0553701A6E2} = {47D777C2-B23F-4270-B310-CC5E2E2D8B62}
		{02F41E93-4BDD-460A-97D5-A8D9B2667281} = {47D777C2-B23F-4270-B310-CC5E2E2D8B62}
		{067FEB6B-836A-42CC-B58A-881E5988EAE2} = {47D777C2-B23F-4270-B310-CC5E2E2D8B62}
		{91459F88-4334-4776-ACBF-3E40D15FF7D9} = {47D777C2-B23F-4270-B310-CC5E2E2D8B62}
		{B50D889C-0B60-414C-AAE8-C2CEAA260530} = {47D777C2-B23F-4270-B310-CC5E2E2D8B62}
		{5C9B39F0-A65F-459F-B9AE-4CA0AE18549A} = {47D777C2-B23F-4270-B310-CC5E2E2D8B62}
		{34D7D711-3ABA-4C13-B035-D2002844E618} = {47D777C2-B23F-4270-B310-CC5E2E2D8B62}
		{F16E323F-DE2C-41C9-82B3-93B4931C26CF} = {BBF8F31D-223B-46DC-84E5-E483F9734B16}
		{32E192DE-90B2-46A5-8F7E-19FA07B81FFA} = {BBF8F31D-223B-46DC-84E5-E483F9734B16}
		{D678431D-2412-4C53-AEA2-594232A715A9} = {BBF8F31D-223B-46DC-84E5-E483F9734B16}
		{E3738862-670A-4890-9EE8-151E49794418} = {4E7AF0D2-DFA3-4E3A-8C81-CD6B0A98EA06}
		{8CC7B699-6A53-44A2-914B-E08566429AAF} = {47D777C2-B23F-4270-B310-CC5E2E2D8B62}
		{45CD39C2-E5B8-4D8C-86F2-272F64FE08F5} = {47D777C2-B23F-4270-B310-CC5E2E2D8B62}
		{8CCC7087-9354-4E93-9499-BABEF57C5CC9} = {47D777C2-B23F-4270-B310-CC5E2E2D8B62}
		{AE189990-56AC-4DED-935E-2BB4E1A4F8BA} = {8CCC7087-9354-4E93-9499-BABEF57C5CC9}
		{C7409D5A-A2EE-48B3-8CBC-EC18258E1E18} = {47D777C2-B23F-4270-B310-CC5E2E2D8B62}
		{BE74A0E5-55AF-4E8F-A283-39B37A5F49C8} = {47D777C2-B23F-4270-B310-CC5E2E2D8B62}
		{12760CBF-5E28-4F52-8C51-B84D954F6E5C} = {47D777C2-B23F-4270-B310-CC5E2E2D8B62}
		{53F7D826-1AF2-4CD0-932F-959640062D6C} = {BBF8F31D-223B-46DC-84E5-E483F9734B16}
		{DEEDE951-29C0-40F6-9C05-8B5AA1CEE4AD} = {4E7AF0D2-DFA3-4E3A-8C81-CD6B0A98EA06}
		{F4D550E6-93ED-4E1D-B0DF-8D40ADD8920E} = {4E7AF0D2-DFA3-4E3A-8C81-CD6B0A98EA06}
		{2358F7E1-3130-4591-A050-E0B750412C59} = {4E7AF0D2-DFA3-4E3A-8C81-CD6B0A98EA06}
		{7F9E063B-668D-4842-9C8D-6FDFCD672157} = {47D777C2-B23F-4270-B310-CC5E2E2D8B62}
		{6F6C11F5-271A-49F7-9E2D-4BB703A168C5} = {47D777C2-B23F-4270-B310-CC5E2E2D8B62}
	EndGlobalSection
	GlobalSection(ExtensibilityGlobals) = postSolution
		SolutionGuid = {246693A2-ECDB-4309-9A0D-CDB090114039}
	EndGlobalSection
EndGlobal
