
Microsoft Visual Studio Solution File, Format Version 12.00
# Visual Studio Version 17
VisualStudioVersion = 17.11.35327.3
MinimumVisualStudioVersion = 10.0.40219.1
Project("{2150E333-8FDC-42A3-9474-1A3956D46DE8}") = "Cs", "Cs", "{97CD97D3-6999-4FA7-80ED-A0800B4DE490}"
EndProject
Project("{2150E333-8FDC-42A3-9474-1A3956D46DE8}") = "Utility", "Utility", "{5E9B0F3A-B0C1-4A9B-8B63-47A9D0969369}"
EndProject
Project("{9A19103F-16F7-4668-BE54-9A1E7A4F7556}") = "FLG.Cs.Decorators", "Cs\FLG.Cs.Decorators\FLG.Cs.Decorators.csproj", "{FAC4C1E7-FB39-4761-A547-61C3A2D13499}"
EndProject
Project("{2150E333-8FDC-42A3-9474-1A3956D46DE8}") = "Data Structures", "Data Structures", "{EF1699E3-9130-4896-BBDA-0EEA74FF1B87}"
EndProject
Project("{9A19103F-16F7-4668-BE54-9A1E7A4F7556}") = "FLG.Cs.IO", "Cs\FLG.Cs.IO\FLG.Cs.IO.csproj", "{5CC8CBDE-97C4-449E-84C9-73A117978BEA}"
EndProject
Project("{9A19103F-16F7-4668-BE54-9A1E7A4F7556}") = "FLG.Cs.Utils", "Cs\FLG.Cs.Utils\FLG.Cs.Utils.csproj", "{0B62CA24-D2CF-4020-8C6C-C38D34A8F757}"
EndProject
Project("{9A19103F-16F7-4668-BE54-9A1E7A4F7556}") = "FLG.Cs.Geometry", "Cs\FLG.Cs.Geometry\FLG.Cs.Geometry.csproj", "{C736E769-0D75-4FDB-96CD-BB4B858493D2}"
EndProject
Project("{9A19103F-16F7-4668-BE54-9A1E7A4F7556}") = "FLG.Cs.Graph", "Cs\FLG.Cs.Graph\FLG.Cs.Graph.csproj", "{28624307-D35E-430E-9DCC-BA70EBFDBC75}"
EndProject
Project("{9A19103F-16F7-4668-BE54-9A1E7A4F7556}") = "FLG.Cs.Cards", "Cs\FLG.Cs.Cards\FLG.Cs.Cards.csproj", "{DD154E93-B9B9-4280-ABE4-CA3621DA9430}"
EndProject
Project("{9A19103F-16F7-4668-BE54-9A1E7A4F7556}") = "FLG.Cs.Datamodel", "Cs\FLG.Cs.Datamodel\FLG.Cs.Datamodel.csproj", "{04E6F07B-42A8-4374-B9FD-35EBCE1774B7}"
EndProject
Project("{2150E333-8FDC-42A3-9474-1A3956D46DE8}") = "Services", "Services", "{C8489D2B-1391-4C2A-B0B8-1271399C9213}"
EndProject
Project("{9A19103F-16F7-4668-BE54-9A1E7A4F7556}") = "FLG.Cs.Commands", "Cs\FLG.Cs.Commands\FLG.Cs.Commands.csproj", "{5F8D799D-62B0-4D50-B734-56333087162E}"
EndProject
Project("{2150E333-8FDC-42A3-9474-1A3956D46DE8}") = "Framework", "Framework", "{05B1D648-3E68-4FBC-AA15-3096A01D1A03}"
EndProject
Project("{9A19103F-16F7-4668-BE54-9A1E7A4F7556}") = "FLG.Cs.Networking", "Cs\FLG.Cs.Networking\FLG.Cs.Networking.csproj", "{6ADBD145-0BB1-44C1-A723-BB729952477F}"
EndProject
Project("{9A19103F-16F7-4668-BE54-9A1E7A4F7556}") = "FLG.Cs.ServiceLocator", "Cs\FLG.Cs.ServiceLocator\FLG.Cs.ServiceLocator.csproj", "{896274A8-80FC-479B-AF20-1A85FB8C25EA}"
EndProject
Project("{9A19103F-16F7-4668-BE54-9A1E7A4F7556}") = "FLG.Cs.Serialization", "Cs\FLG.Cs.Serialization\FLG.Cs.Serialization.csproj", "{0D4F126E-3B92-4B61-AA26-8AEC0F6CCD54}"
EndProject
Project("{9A19103F-16F7-4668-BE54-9A1E7A4F7556}") = "FLG.Cs.UI", "Cs\FLG.Cs.UI\FLG.Cs.UI.csproj", "{5E16F47C-1703-44C7-BE5D-12E872423F84}"
EndProject
Project("{9A19103F-16F7-4668-BE54-9A1E7A4F7556}") = "FLG.Cs.Logger", "Cs\FLG.Cs.Logger\FLG.Cs.Logger.csproj", "{F3A818B0-01B1-4A65-B8BD-E4442AD7DA5D}"
EndProject
Project("{9A19103F-16F7-4668-BE54-9A1E7A4F7556}") = "FLG.Cs.Framework", "Cs\FLG.Cs.Framework\FLG.Cs.Framework.csproj", "{4F24EDDD-80B3-472A-87C2-FB8D031732FB}"
EndProject
Project("{9A19103F-16F7-4668-BE54-9A1E7A4F7556}") = "FLG.Cs.Math", "Cs\FLG.Cs.Math\FLG.Cs.Math.csproj", "{FB1CD4BA-CC5E-4D10-AE6E-2831261C5251}"
EndProject
Project("{2150E333-8FDC-42A3-9474-1A3956D46DE8}") = "Executables", "Executables", "{6016D943-404B-4809-9CF5-1F6F0DAEE1B1}"
EndProject
Project("{FAE04EC0-301F-11D3-BF4B-00C04F79EFBC}") = "ServerExecutable", "Executables\ServerExecutable\ServerExecutable.csproj", "{82799837-70AF-4C91-9775-F46E274EC832}"
EndProject
Project("{FAE04EC0-301F-11D3-BF4B-00C04F79EFBC}") = "ClientExecutable", "Executables\ClientExecutable\ClientExecutable.csproj", "{79A29E23-647C-42D8-B030-D26CB59DA1FB}"
EndProject
Project("{FAE04EC0-301F-11D3-BF4B-00C04F79EFBC}") = "LogsViewer", "Executables\LogsViewer\LogsViewer.csproj", "{BD516869-7184-49EF-B074-D57DB9E6E10E}"
EndProject
Global
	GlobalSection(SolutionConfigurationPlatforms) = preSolution
		Debug|Any CPU = Debug|Any CPU
		Release|Any CPU = Release|Any CPU
	EndGlobalSection
	GlobalSection(ProjectConfigurationPlatforms) = postSolution
		{FAC4C1E7-FB39-4761-A547-61C3A2D13499}.Debug|Any CPU.ActiveCfg = Debug|Any CPU
		{FAC4C1E7-FB39-4761-A547-61C3A2D13499}.Debug|Any CPU.Build.0 = Debug|Any CPU
		{FAC4C1E7-FB39-4761-A547-61C3A2D13499}.Release|Any CPU.ActiveCfg = Release|Any CPU
		{FAC4C1E7-FB39-4761-A547-61C3A2D13499}.Release|Any CPU.Build.0 = Release|Any CPU
		{5CC8CBDE-97C4-449E-84C9-73A117978BEA}.Debug|Any CPU.ActiveCfg = Debug|Any CPU
		{5CC8CBDE-97C4-449E-84C9-73A117978BEA}.Debug|Any CPU.Build.0 = Debug|Any CPU
		{5CC8CBDE-97C4-449E-84C9-73A117978BEA}.Release|Any CPU.ActiveCfg = Release|Any CPU
		{5CC8CBDE-97C4-449E-84C9-73A117978BEA}.Release|Any CPU.Build.0 = Release|Any CPU
		{0B62CA24-D2CF-4020-8C6C-C38D34A8F757}.Debug|Any CPU.ActiveCfg = Debug|Any CPU
		{0B62CA24-D2CF-4020-8C6C-C38D34A8F757}.Debug|Any CPU.Build.0 = Debug|Any CPU
		{0B62CA24-D2CF-4020-8C6C-C38D34A8F757}.Release|Any CPU.ActiveCfg = Release|Any CPU
		{0B62CA24-D2CF-4020-8C6C-C38D34A8F757}.Release|Any CPU.Build.0 = Release|Any CPU
		{C736E769-0D75-4FDB-96CD-BB4B858493D2}.Debug|Any CPU.ActiveCfg = Debug|Any CPU
		{C736E769-0D75-4FDB-96CD-BB4B858493D2}.Debug|Any CPU.Build.0 = Debug|Any CPU
		{C736E769-0D75-4FDB-96CD-BB4B858493D2}.Release|Any CPU.ActiveCfg = Release|Any CPU
		{C736E769-0D75-4FDB-96CD-BB4B858493D2}.Release|Any CPU.Build.0 = Release|Any CPU
		{28624307-D35E-430E-9DCC-BA70EBFDBC75}.Debug|Any CPU.ActiveCfg = Debug|Any CPU
		{28624307-D35E-430E-9DCC-BA70EBFDBC75}.Debug|Any CPU.Build.0 = Debug|Any CPU
		{28624307-D35E-430E-9DCC-BA70EBFDBC75}.Release|Any CPU.ActiveCfg = Release|Any CPU
		{28624307-D35E-430E-9DCC-BA70EBFDBC75}.Release|Any CPU.Build.0 = Release|Any CPU
		{DD154E93-B9B9-4280-ABE4-CA3621DA9430}.Debug|Any CPU.ActiveCfg = Debug|Any CPU
		{DD154E93-B9B9-4280-ABE4-CA3621DA9430}.Debug|Any CPU.Build.0 = Debug|Any CPU
		{DD154E93-B9B9-4280-ABE4-CA3621DA9430}.Release|Any CPU.ActiveCfg = Release|Any CPU
		{DD154E93-B9B9-4280-ABE4-CA3621DA9430}.Release|Any CPU.Build.0 = Release|Any CPU
		{04E6F07B-42A8-4374-B9FD-35EBCE1774B7}.Debug|Any CPU.ActiveCfg = Debug|Any CPU
		{04E6F07B-42A8-4374-B9FD-35EBCE1774B7}.Debug|Any CPU.Build.0 = Debug|Any CPU
		{04E6F07B-42A8-4374-B9FD-35EBCE1774B7}.Release|Any CPU.ActiveCfg = Release|Any CPU
		{04E6F07B-42A8-4374-B9FD-35EBCE1774B7}.Release|Any CPU.Build.0 = Release|Any CPU
		{5F8D799D-62B0-4D50-B734-56333087162E}.Debug|Any CPU.ActiveCfg = Debug|Any CPU
		{5F8D799D-62B0-4D50-B734-56333087162E}.Debug|Any CPU.Build.0 = Debug|Any CPU
		{5F8D799D-62B0-4D50-B734-56333087162E}.Release|Any CPU.ActiveCfg = Release|Any CPU
		{5F8D799D-62B0-4D50-B734-56333087162E}.Release|Any CPU.Build.0 = Release|Any CPU
		{6ADBD145-0BB1-44C1-A723-BB729952477F}.Debug|Any CPU.ActiveCfg = Debug|Any CPU
		{6ADBD145-0BB1-44C1-A723-BB729952477F}.Debug|Any CPU.Build.0 = Debug|Any CPU
		{6ADBD145-0BB1-44C1-A723-BB729952477F}.Release|Any CPU.ActiveCfg = Release|Any CPU
		{6ADBD145-0BB1-44C1-A723-BB729952477F}.Release|Any CPU.Build.0 = Release|Any CPU
		{896274A8-80FC-479B-AF20-1A85FB8C25EA}.Debug|Any CPU.ActiveCfg = Debug|Any CPU
		{896274A8-80FC-479B-AF20-1A85FB8C25EA}.Debug|Any CPU.Build.0 = Debug|Any CPU
		{896274A8-80FC-479B-AF20-1A85FB8C25EA}.Release|Any CPU.ActiveCfg = Release|Any CPU
		{896274A8-80FC-479B-AF20-1A85FB8C25EA}.Release|Any CPU.Build.0 = Release|Any CPU
		{0D4F126E-3B92-4B61-AA26-8AEC0F6CCD54}.Debug|Any CPU.ActiveCfg = Debug|Any CPU
		{0D4F126E-3B92-4B61-AA26-8AEC0F6CCD54}.Debug|Any CPU.Build.0 = Debug|Any CPU
		{0D4F126E-3B92-4B61-AA26-8AEC0F6CCD54}.Release|Any CPU.ActiveCfg = Release|Any CPU
		{0D4F126E-3B92-4B61-AA26-8AEC0F6CCD54}.Release|Any CPU.Build.0 = Release|Any CPU
		{5E16F47C-1703-44C7-BE5D-12E872423F84}.Debug|Any CPU.ActiveCfg = Debug|Any CPU
		{5E16F47C-1703-44C7-BE5D-12E872423F84}.Debug|Any CPU.Build.0 = Debug|Any CPU
		{5E16F47C-1703-44C7-BE5D-12E872423F84}.Release|Any CPU.ActiveCfg = Release|Any CPU
		{5E16F47C-1703-44C7-BE5D-12E872423F84}.Release|Any CPU.Build.0 = Release|Any CPU
		{F3A818B0-01B1-4A65-B8BD-E4442AD7DA5D}.Debug|Any CPU.ActiveCfg = Debug|Any CPU
		{F3A818B0-01B1-4A65-B8BD-E4442AD7DA5D}.Debug|Any CPU.Build.0 = Debug|Any CPU
		{F3A818B0-01B1-4A65-B8BD-E4442AD7DA5D}.Release|Any CPU.ActiveCfg = Release|Any CPU
		{F3A818B0-01B1-4A65-B8BD-E4442AD7DA5D}.Release|Any CPU.Build.0 = Release|Any CPU
		{4F24EDDD-80B3-472A-87C2-FB8D031732FB}.Debug|Any CPU.ActiveCfg = Debug|Any CPU
		{4F24EDDD-80B3-472A-87C2-FB8D031732FB}.Debug|Any CPU.Build.0 = Debug|Any CPU
		{4F24EDDD-80B3-472A-87C2-FB8D031732FB}.Release|Any CPU.ActiveCfg = Release|Any CPU
		{4F24EDDD-80B3-472A-87C2-FB8D031732FB}.Release|Any CPU.Build.0 = Release|Any CPU
		{FB1CD4BA-CC5E-4D10-AE6E-2831261C5251}.Debug|Any CPU.ActiveCfg = Debug|Any CPU
		{FB1CD4BA-CC5E-4D10-AE6E-2831261C5251}.Debug|Any CPU.Build.0 = Debug|Any CPU
		{FB1CD4BA-CC5E-4D10-AE6E-2831261C5251}.Release|Any CPU.ActiveCfg = Release|Any CPU
		{FB1CD4BA-CC5E-4D10-AE6E-2831261C5251}.Release|Any CPU.Build.0 = Release|Any CPU
		{82799837-70AF-4C91-9775-F46E274EC832}.Debug|Any CPU.ActiveCfg = Debug|Any CPU
		{82799837-70AF-4C91-9775-F46E274EC832}.Debug|Any CPU.Build.0 = Debug|Any CPU
		{82799837-70AF-4C91-9775-F46E274EC832}.Release|Any CPU.ActiveCfg = Release|Any CPU
		{82799837-70AF-4C91-9775-F46E274EC832}.Release|Any CPU.Build.0 = Release|Any CPU
		{79A29E23-647C-42D8-B030-D26CB59DA1FB}.Debug|Any CPU.ActiveCfg = Debug|Any CPU
		{79A29E23-647C-42D8-B030-D26CB59DA1FB}.Debug|Any CPU.Build.0 = Debug|Any CPU
		{79A29E23-647C-42D8-B030-D26CB59DA1FB}.Release|Any CPU.ActiveCfg = Release|Any CPU
		{79A29E23-647C-42D8-B030-D26CB59DA1FB}.Release|Any CPU.Build.0 = Release|Any CPU
		{BD516869-7184-49EF-B074-D57DB9E6E10E}.Debug|Any CPU.ActiveCfg = Debug|Any CPU
		{BD516869-7184-49EF-B074-D57DB9E6E10E}.Debug|Any CPU.Build.0 = Debug|Any CPU
		{BD516869-7184-49EF-B074-D57DB9E6E10E}.Release|Any CPU.ActiveCfg = Release|Any CPU
		{BD516869-7184-49EF-B074-D57DB9E6E10E}.Release|Any CPU.Build.0 = Release|Any CPU
	EndGlobalSection
	GlobalSection(SolutionProperties) = preSolution
		HideSolutionNode = FALSE
	EndGlobalSection
	GlobalSection(NestedProjects) = preSolution
		{5E9B0F3A-B0C1-4A9B-8B63-47A9D0969369} = {97CD97D3-6999-4FA7-80ED-A0800B4DE490}
		{FAC4C1E7-FB39-4761-A547-61C3A2D13499} = {5E9B0F3A-B0C1-4A9B-8B63-47A9D0969369}
		{EF1699E3-9130-4896-BBDA-0EEA74FF1B87} = {97CD97D3-6999-4FA7-80ED-A0800B4DE490}
		{5CC8CBDE-97C4-449E-84C9-73A117978BEA} = {5E9B0F3A-B0C1-4A9B-8B63-47A9D0969369}
		{0B62CA24-D2CF-4020-8C6C-C38D34A8F757} = {5E9B0F3A-B0C1-4A9B-8B63-47A9D0969369}
		{C736E769-0D75-4FDB-96CD-BB4B858493D2} = {EF1699E3-9130-4896-BBDA-0EEA74FF1B87}
		{28624307-D35E-430E-9DCC-BA70EBFDBC75} = {EF1699E3-9130-4896-BBDA-0EEA74FF1B87}
		{DD154E93-B9B9-4280-ABE4-CA3621DA9430} = {EF1699E3-9130-4896-BBDA-0EEA74FF1B87}
		{04E6F07B-42A8-4374-B9FD-35EBCE1774B7} = {05B1D648-3E68-4FBC-AA15-3096A01D1A03}
		{C8489D2B-1391-4C2A-B0B8-1271399C9213} = {97CD97D3-6999-4FA7-80ED-A0800B4DE490}
		{5F8D799D-62B0-4D50-B734-56333087162E} = {C8489D2B-1391-4C2A-B0B8-1271399C9213}
		{05B1D648-3E68-4FBC-AA15-3096A01D1A03} = {97CD97D3-6999-4FA7-80ED-A0800B4DE490}
		{6ADBD145-0BB1-44C1-A723-BB729952477F} = {C8489D2B-1391-4C2A-B0B8-1271399C9213}
		{896274A8-80FC-479B-AF20-1A85FB8C25EA} = {05B1D648-3E68-4FBC-AA15-3096A01D1A03}
		{0D4F126E-3B92-4B61-AA26-8AEC0F6CCD54} = {C8489D2B-1391-4C2A-B0B8-1271399C9213}
		{5E16F47C-1703-44C7-BE5D-12E872423F84} = {C8489D2B-1391-4C2A-B0B8-1271399C9213}
		{F3A818B0-01B1-4A65-B8BD-E4442AD7DA5D} = {C8489D2B-1391-4C2A-B0B8-1271399C9213}
		{4F24EDDD-80B3-472A-87C2-FB8D031732FB} = {05B1D648-3E68-4FBC-AA15-3096A01D1A03}
		{FB1CD4BA-CC5E-4D10-AE6E-2831261C5251} = {EF1699E3-9130-4896-BBDA-0EEA74FF1B87}
		{82799837-70AF-4C91-9775-F46E274EC832} = {6016D943-404B-4809-9CF5-1F6F0DAEE1B1}
		{79A29E23-647C-42D8-B030-D26CB59DA1FB} = {6016D943-404B-4809-9CF5-1F6F0DAEE1B1}
		{BD516869-7184-49EF-B074-D57DB9E6E10E} = {6016D943-404B-4809-9CF5-1F6F0DAEE1B1}
	EndGlobalSection
	GlobalSection(ExtensibilityGlobals) = postSolution
		SolutionGuid = {C9DDB0C3-DDC4-4E4E-80B6-9DB8400310DF}
	EndGlobalSection
EndGlobal
